
Microsoft Visual Studio Solution File, Format Version 12.00
# Visual Studio Version 17
VisualStudioVersion = 17.0.31717.71
MinimumVisualStudioVersion = 10.0.40219.1
Project("{9A19103F-16F7-4668-BE54-9A1E7A4F7556}") = "Union", "Union\Union.csproj", "{0F2306D1-9CA3-42A9-9C2E-460FE37E31EC}"
EndProject
Project("{9A19103F-16F7-4668-BE54-9A1E7A4F7556}") = "Union.SourceGenerator", "Union.SourceGenerator\Union.SourceGenerator.csproj", "{2A78B7CC-6C16-4B5C-BCA6-7354C720B938}"
EndProject
Project("{9A19103F-16F7-4668-BE54-9A1E7A4F7556}") = "Demo", "Demo\Demo.csproj", "{20A4A89F-E7AB-4EDC-A16C-275BC4C307B5}"
EndProject
Project("{2150E333-8FDC-42A3-9474-1A3956D46DE8}") = "Solution Items", "Solution Items", "{912E47E3-0EE9-4D07-8C6F-C24A799EB9AC}"
	ProjectSection(SolutionItems) = preProject
		global.json = global.json
		.gitignore = .gitignore
		CODEOWNERS = CODEOWNERS
		LICENSE.txt = LICENSE.txt
		NuGet.config = NuGet.config
		readme.md = readme.md
		packedProjects.props = packedProjects.props
	EndProjectSection
EndProject
Project("{FAE04EC0-301F-11D3-BF4B-00C04F79EFBC}") = "Union.BasicTypes", "Union.BasicTypes\Union.BasicTypes.csproj", "{BDF3FE49-DFAA-49A2-A133-679D1C51F15D}"
EndProject
Global
	GlobalSection(SolutionConfigurationPlatforms) = preSolution
		Debug|Any CPU = Debug|Any CPU
		Release|Any CPU = Release|Any CPU
	EndGlobalSection
	GlobalSection(ProjectConfigurationPlatforms) = postSolution
		{0F2306D1-9CA3-42A9-9C2E-460FE37E31EC}.Debug|Any CPU.ActiveCfg = Debug|Any CPU
		{0F2306D1-9CA3-42A9-9C2E-460FE37E31EC}.Debug|Any CPU.Build.0 = Debug|Any CPU
		{0F2306D1-9CA3-42A9-9C2E-460FE37E31EC}.Release|Any CPU.ActiveCfg = Release|Any CPU
		{0F2306D1-9CA3-42A9-9C2E-460FE37E31EC}.Release|Any CPU.Build.0 = Release|Any CPU
		{2A78B7CC-6C16-4B5C-BCA6-7354C720B938}.Debug|Any CPU.ActiveCfg = Debug|Any CPU
		{2A78B7CC-6C16-4B5C-BCA6-7354C720B938}.Debug|Any CPU.Build.0 = Debug|Any CPU
		{2A78B7CC-6C16-4B5C-BCA6-7354C720B938}.Release|Any CPU.ActiveCfg = Release|Any CPU
		{2A78B7CC-6C16-4B5C-BCA6-7354C720B938}.Release|Any CPU.Build.0 = Release|Any CPU
		{20A4A89F-E7AB-4EDC-A16C-275BC4C307B5}.Debug|Any CPU.ActiveCfg = Debug|Any CPU
		{20A4A89F-E7AB-4EDC-A16C-275BC4C307B5}.Debug|Any CPU.Build.0 = Debug|Any CPU
		{20A4A89F-E7AB-4EDC-A16C-275BC4C307B5}.Release|Any CPU.ActiveCfg = Release|Any CPU
		{20A4A89F-E7AB-4EDC-A16C-275BC4C307B5}.Release|Any CPU.Build.0 = Release|Any CPU
		{BDF3FE49-DFAA-49A2-A133-679D1C51F15D}.Debug|Any CPU.ActiveCfg = Debug|Any CPU
		{BDF3FE49-DFAA-49A2-A133-679D1C51F15D}.Debug|Any CPU.Build.0 = Debug|Any CPU
		{BDF3FE49-DFAA-49A2-A133-679D1C51F15D}.Release|Any CPU.ActiveCfg = Release|Any CPU
		{BDF3FE49-DFAA-49A2-A133-679D1C51F15D}.Release|Any CPU.Build.0 = Release|Any CPU
	EndGlobalSection
	GlobalSection(SolutionProperties) = preSolution
		HideSolutionNode = FALSE
	EndGlobalSection
	GlobalSection(ExtensibilityGlobals) = postSolution
		SolutionGuid = {0C173FFE-9EDB-47B5-A21B-FAAD3307F338}
	EndGlobalSection
EndGlobal
